
Microsoft Visual Studio Solution File, Format Version 12.00
# Visual Studio Version 17
VisualStudioVersion = 17.9.34728.123
MinimumVisualStudioVersion = 10.0.40219.1
Project("{FAE04EC0-301F-11D3-BF4B-00C04F79EFBC}") = "tvt-baikemtragiuaki", "tvt-baikemtragiuaki.csproj", "{6B9E574A-9AF0-4282-B223-757F3C0EFD6C}"
EndProject
Global
	GlobalSection(SolutionConfigurationPlatforms) = preSolution
		Debug|Any CPU = Debug|Any CPU
		Release|Any CPU = Release|Any CPU
	EndGlobalSection
	GlobalSection(ProjectConfigurationPlatforms) = postSolution
		{6B9E574A-9AF0-4282-B223-757F3C0EFD6C}.Debug|Any CPU.ActiveCfg = Debug|Any CPU
		{6B9E574A-9AF0-4282-B223-757F3C0EFD6C}.Debug|Any CPU.Build.0 = Debug|Any CPU
		{6B9E574A-9AF0-4282-B223-757F3C0EFD6C}.Release|Any CPU.ActiveCfg = Release|Any CPU
		{6B9E574A-9AF0-4282-B223-757F3C0EFD6C}.Release|Any CPU.Build.0 = Release|Any CPU
	EndGlobalSection
	GlobalSection(SolutionProperties) = preSolution
		HideSolutionNode = FALSE
	EndGlobalSection
	GlobalSection(ExtensibilityGlobals) = postSolution
		SolutionGuid = {288D39C1-EFF6-4784-883B-FBAB07567C93}
	EndGlobalSection
EndGlobal
